
Microsoft Visual Studio Solution File, Format Version 12.00
# Visual Studio Version 16
VisualStudioVersion = 16.0.30907.101
MinimumVisualStudioVersion = 10.0.40219.1
Project("{FAE04EC0-301F-11D3-BF4B-00C04F79EFBC}") = "TechTreeMVCWebApplication", "TechTreeMVCWebApplication\TechTreeMVCWebApplication.csproj", "{5B60EE0C-7802-4F71-BC49-F2A72F9DAA01}"
EndProject
Global
	GlobalSection(SolutionConfigurationPlatforms) = preSolution
		Debug|Any CPU = Debug|Any CPU
		Release|Any CPU = Release|Any CPU
	EndGlobalSection
	GlobalSection(ProjectConfigurationPlatforms) = postSolution
		{5B60EE0C-7802-4F71-BC49-F2A72F9DAA01}.Debug|Any CPU.ActiveCfg = Debug|Any CPU
		{5B60EE0C-7802-4F71-BC49-F2A72F9DAA01}.Debug|Any CPU.Build.0 = Debug|Any CPU
		{5B60EE0C-7802-4F71-BC49-F2A72F9DAA01}.Release|Any CPU.ActiveCfg = Release|Any CPU
		{5B60EE0C-7802-4F71-BC49-F2A72F9DAA01}.Release|Any CPU.Build.0 = Release|Any CPU
	EndGlobalSection
	GlobalSection(SolutionProperties) = preSolution
		HideSolutionNode = FALSE
	EndGlobalSection
	GlobalSection(ExtensibilityGlobals) = postSolution
		SolutionGuid = {B867C643-F318-4513-A66D-4110B986DDAF}
	EndGlobalSection
EndGlobal
